
Microsoft Visual Studio Solution File, Format Version 12.00
# Visual Studio Version 16
VisualStudioVersion = 16.0.30011.22
MinimumVisualStudioVersion = 10.0.40219.1
Project("{FAE04EC0-301F-11D3-BF4B-00C04F79EFBC}") = "ArnoAdminCore", "ArnoAdminCore\ArnoAdminCore.csproj", "{5289D900-7365-4F1D-9280-7BC6014CE62B}"
EndProject
Project("{FAE04EC0-301F-11D3-BF4B-00C04F79EFBC}") = "ArnoAdminWebApi", "ArnoAdminWebApi\ArnoAdminWebApi.csproj", "{20860624-C257-458A-8AC5-AC0E7EBB735C}"
EndProject
Global
	GlobalSection(SolutionConfigurationPlatforms) = preSolution
		Debug|Any CPU = Debug|Any CPU
		Release|Any CPU = Release|Any CPU
	EndGlobalSection
	GlobalSection(ProjectConfigurationPlatforms) = postSolution
		{5289D900-7365-4F1D-9280-7BC6014CE62B}.Debug|Any CPU.ActiveCfg = Debug|Any CPU
		{5289D900-7365-4F1D-9280-7BC6014CE62B}.Debug|Any CPU.Build.0 = Debug|Any CPU
		{5289D900-7365-4F1D-9280-7BC6014CE62B}.Release|Any CPU.ActiveCfg = Release|Any CPU
		{5289D900-7365-4F1D-9280-7BC6014CE62B}.Release|Any CPU.Build.0 = Release|Any CPU
		{20860624-C257-458A-8AC5-AC0E7EBB735C}.Debug|Any CPU.ActiveCfg = Debug|Any CPU
		{20860624-C257-458A-8AC5-AC0E7EBB735C}.Debug|Any CPU.Build.0 = Debug|Any CPU
		{20860624-C257-458A-8AC5-AC0E7EBB735C}.Release|Any CPU.ActiveCfg = Release|Any CPU
		{20860624-C257-458A-8AC5-AC0E7EBB735C}.Release|Any CPU.Build.0 = Release|Any CPU
	EndGlobalSection
	GlobalSection(SolutionProperties) = preSolution
		HideSolutionNode = FALSE
	EndGlobalSection
	GlobalSection(ExtensibilityGlobals) = postSolution
		SolutionGuid = {C9D0E130-D32C-470D-B935-A58901A567B9}
	EndGlobalSection
EndGlobal
